
Microsoft Visual Studio Solution File, Format Version 12.00
# Visual Studio 2013
VisualStudioVersion = 12.0.21005.1
MinimumVisualStudioVersion = 10.0.40219.1
Project("{FAE04EC0-301F-11D3-BF4B-00C04F79EFBC}") = "Datos", "Datos\Datos.csproj", "{0066BC8E-90D5-4FD8-A906-C5EBD83B57FC}"
EndProject
Project("{FAE04EC0-301F-11D3-BF4B-00C04F79EFBC}") = "Entidad", "Entidad\Entidad.csproj", "{9945FD02-52E7-4C1B-91CD-7EAC86DDA21F}"
EndProject
Project("{FAE04EC0-301F-11D3-BF4B-00C04F79EFBC}") = "Negocio", "Negocio\Negocio.csproj", "{64327DBE-93EF-4A91-8C0F-E899A70BD070}"
EndProject
Project("{FAE04EC0-301F-11D3-BF4B-00C04F79EFBC}") = "Utilitarios", "Utilitarios\Utilitarios.csproj", "{C4D84059-04C5-4839-8A27-5EC5AACB2A4B}"
EndProject
Project("{FAE04EC0-301F-11D3-BF4B-00C04F79EFBC}") = "Presentacion", "Presentacion\Presentacion.csproj", "{4C575E71-8F1D-4F9A-B6BC-2974A43A854A}"
EndProject
Global
	GlobalSection(SolutionConfigurationPlatforms) = preSolution
		Debug|Any CPU = Debug|Any CPU
		Release|Any CPU = Release|Any CPU
	EndGlobalSection
	GlobalSection(ProjectConfigurationPlatforms) = postSolution
		{0066BC8E-90D5-4FD8-A906-C5EBD83B57FC}.Debug|Any CPU.ActiveCfg = Debug|Any CPU
		{0066BC8E-90D5-4FD8-A906-C5EBD83B57FC}.Debug|Any CPU.Build.0 = Debug|Any CPU
		{0066BC8E-90D5-4FD8-A906-C5EBD83B57FC}.Release|Any CPU.ActiveCfg = Release|Any CPU
		{0066BC8E-90D5-4FD8-A906-C5EBD83B57FC}.Release|Any CPU.Build.0 = Release|Any CPU
		{9945FD02-52E7-4C1B-91CD-7EAC86DDA21F}.Debug|Any CPU.ActiveCfg = Debug|Any CPU
		{9945FD02-52E7-4C1B-91CD-7EAC86DDA21F}.Debug|Any CPU.Build.0 = Debug|Any CPU
		{9945FD02-52E7-4C1B-91CD-7EAC86DDA21F}.Release|Any CPU.ActiveCfg = Release|Any CPU
		{9945FD02-52E7-4C1B-91CD-7EAC86DDA21F}.Release|Any CPU.Build.0 = Release|Any CPU
		{64327DBE-93EF-4A91-8C0F-E899A70BD070}.Debug|Any CPU.ActiveCfg = Debug|Any CPU
		{64327DBE-93EF-4A91-8C0F-E899A70BD070}.Debug|Any CPU.Build.0 = Debug|Any CPU
		{64327DBE-93EF-4A91-8C0F-E899A70BD070}.Release|Any CPU.ActiveCfg = Release|Any CPU
		{64327DBE-93EF-4A91-8C0F-E899A70BD070}.Release|Any CPU.Build.0 = Release|Any CPU
		{C4D84059-04C5-4839-8A27-5EC5AACB2A4B}.Debug|Any CPU.ActiveCfg = Debug|Any CPU
		{C4D84059-04C5-4839-8A27-5EC5AACB2A4B}.Debug|Any CPU.Build.0 = Debug|Any CPU
		{C4D84059-04C5-4839-8A27-5EC5AACB2A4B}.Release|Any CPU.ActiveCfg = Release|Any CPU
		{C4D84059-04C5-4839-8A27-5EC5AACB2A4B}.Release|Any CPU.Build.0 = Release|Any CPU
		{4C575E71-8F1D-4F9A-B6BC-2974A43A854A}.Debug|Any CPU.ActiveCfg = Debug|Any CPU
		{4C575E71-8F1D-4F9A-B6BC-2974A43A854A}.Debug|Any CPU.Build.0 = Debug|Any CPU
		{4C575E71-8F1D-4F9A-B6BC-2974A43A854A}.Release|Any CPU.ActiveCfg = Release|Any CPU
		{4C575E71-8F1D-4F9A-B6BC-2974A43A854A}.Release|Any CPU.Build.0 = Release|Any CPU
	EndGlobalSection
	GlobalSection(SolutionProperties) = preSolution
		HideSolutionNode = FALSE
	EndGlobalSection
EndGlobal
